
Microsoft Visual Studio Solution File, Format Version 12.00
# Visual Studio 14
VisualStudioVersion = 14.0.25420.1
MinimumVisualStudioVersion = 10.0.40219.1
Project("{8BC9CEB8-8B4A-11D0-8D11-00A0C91BC942}") = "Treads!", "Treads!\Treads!.vcxproj", "{CA9E48F8-EA89-4C5F-928D-1A9F719E38A0}"
EndProject
Project("{54435603-DBB4-11D2-8724-00A0C9A8B90C}") = "Treads!Installer", "..\Treads!Installer\Treads!Installer\Treads!Installer.vdproj", "{AFEADD30-ECBA-4332-8C7A-C0422A6F2AEE}"
EndProject
Global
	GlobalSection(SolutionConfigurationPlatforms) = preSolution
		Debug|x64 = Debug|x64
		Debug|x86 = Debug|x86
		Release|x64 = Release|x64
		Release|x86 = Release|x86
	EndGlobalSection
	GlobalSection(ProjectConfigurationPlatforms) = postSolution
		{CA9E48F8-EA89-4C5F-928D-1A9F719E38A0}.Debug|x64.ActiveCfg = Debug|x64
		{CA9E48F8-EA89-4C5F-928D-1A9F719E38A0}.Debug|x64.Build.0 = Debug|x64
		{CA9E48F8-EA89-4C5F-928D-1A9F719E38A0}.Debug|x86.ActiveCfg = Debug|Win32
		{CA9E48F8-EA89-4C5F-928D-1A9F719E38A0}.Debug|x86.Build.0 = Debug|Win32
		{CA9E48F8-EA89-4C5F-928D-1A9F719E38A0}.Release|x64.ActiveCfg = Release|x64
		{CA9E48F8-EA89-4C5F-928D-1A9F719E38A0}.Release|x64.Build.0 = Release|x64
		{CA9E48F8-EA89-4C5F-928D-1A9F719E38A0}.Release|x86.ActiveCfg = Release|Win32
		{CA9E48F8-EA89-4C5F-928D-1A9F719E38A0}.Release|x86.Build.0 = Release|Win32
		{AFEADD30-ECBA-4332-8C7A-C0422A6F2AEE}.Debug|x64.ActiveCfg = Debug
		{AFEADD30-ECBA-4332-8C7A-C0422A6F2AEE}.Debug|x64.Build.0 = Debug
		{AFEADD30-ECBA-4332-8C7A-C0422A6F2AEE}.Debug|x86.ActiveCfg = Debug
		{AFEADD30-ECBA-4332-8C7A-C0422A6F2AEE}.Debug|x86.Build.0 = Debug
		{AFEADD30-ECBA-4332-8C7A-C0422A6F2AEE}.Release|x64.ActiveCfg = Release
		{AFEADD30-ECBA-4332-8C7A-C0422A6F2AEE}.Release|x64.Build.0 = Release
		{AFEADD30-ECBA-4332-8C7A-C0422A6F2AEE}.Release|x86.ActiveCfg = Release
		{AFEADD30-ECBA-4332-8C7A-C0422A6F2AEE}.Release|x86.Build.0 = Release
	EndGlobalSection
	GlobalSection(SolutionProperties) = preSolution
		HideSolutionNode = FALSE
	EndGlobalSection
EndGlobal
